{
  "version": 4,
  "terraform_version": "1.7.5",
  "serial": 3,
  "lineage": "7c2d4467-5cb0-8146-34df-ba255fa023f1",
  "outputs": {
    "instance_public_ip_ec2": {
      "value": "100.25.133.54",
      "type": "string"
    }
  },
  "resources": [
    {
      "mode": "data",
      "type": "template_file",
      "name": "user_data_ec2",
      "provider": "provider[\"registry.terraform.io/hashicorp/template\"]",
      "instances": [
        {
          "schema_version": 0,
          "attributes": {
            "filename": null,
            "id": "a8db8fa2876eba1bc5f721a8861360b0e5c40e26e1d18ee77b72a8c8f39d7cbe",
            "rendered": "#!/bin/bash\r\n\r\n# Atualizar pacotes e instalar dependências\r\napt-get update\r\napt-get install -y docker.io git\r\n\r\n# Clonar o repositório Git que contém o site\r\ngit clone https://github.com/FofuxoSibov/sitebike.git /var/www/html/\r\n\r\n# Criar o Dockerfile no diretório do site\r\ncat \u003c\u003c EOF \u003e /var/www/html/Dockerfile\r\nFROM nginx:latest\r\nCOPY . /usr/share/nginx/html\r\nEOF\r\n\r\n# Construir a imagem Docker\r\ndocker build -t imagemsitebike /var/www/html/\r\n\r\n# Executar o contêiner Docker\r\ndocker run -d -p 80:80 imagemsitebike\r\n",
            "template": "#!/bin/bash\r\n\r\n# Atualizar pacotes e instalar dependências\r\napt-get update\r\napt-get install -y docker.io git\r\n\r\n# Clonar o repositório Git que contém o site\r\ngit clone https://github.com/FofuxoSibov/sitebike.git /var/www/html/\r\n\r\n# Criar o Dockerfile no diretório do site\r\ncat \u003c\u003c EOF \u003e /var/www/html/Dockerfile\r\nFROM nginx:latest\r\nCOPY . /usr/share/nginx/html\r\nEOF\r\n\r\n# Construir a imagem Docker\r\ndocker build -t imagemsitebike /var/www/html/\r\n\r\n# Executar o contêiner Docker\r\ndocker run -d -p 80:80 imagemsitebike\r\n",
            "vars": null
          },
          "sensitive_attributes": []
        }
      ]
    },
    {
      "mode": "managed",
      "type": "aws_instance",
      "name": "Debian",
      "provider": "provider[\"registry.terraform.io/hashicorp/aws\"]",
      "instances": [
        {
          "schema_version": 1,
          "attributes": {
            "ami": "ami-058bd2d568351da34",
            "arn": "arn:aws:ec2:us-east-1:928701300422:instance/i-02f6701e4451a1231",
            "associate_public_ip_address": true,
            "availability_zone": "us-east-1e",
            "capacity_reservation_specification": [
              {
                "capacity_reservation_preference": "open",
                "capacity_reservation_target": []
              }
            ],
            "cpu_core_count": 1,
            "cpu_options": [
              {
                "amd_sev_snp": "",
                "core_count": 1,
                "threads_per_core": 1
              }
            ],
            "cpu_threads_per_core": 1,
            "credit_specification": [
              {
                "cpu_credits": "standard"
              }
            ],
            "disable_api_stop": false,
            "disable_api_termination": false,
            "ebs_block_device": [],
            "ebs_optimized": false,
            "enclave_options": [
              {
                "enabled": false
              }
            ],
            "ephemeral_block_device": [],
            "get_password_data": false,
            "hibernation": false,
            "host_id": "",
            "host_resource_group_arn": null,
            "iam_instance_profile": "",
            "id": "i-02f6701e4451a1231",
            "instance_initiated_shutdown_behavior": "stop",
            "instance_lifecycle": "",
            "instance_market_options": [],
            "instance_state": "running",
            "instance_type": "t2.micro",
            "ipv6_address_count": 0,
            "ipv6_addresses": [],
            "key_name": "TerraKeyVitor",
            "launch_template": [],
            "maintenance_options": [
              {
                "auto_recovery": "default"
              }
            ],
            "metadata_options": [
              {
                "http_endpoint": "enabled",
                "http_protocol_ipv6": "disabled",
                "http_put_response_hop_limit": 1,
                "http_tokens": "optional",
                "instance_metadata_tags": "disabled"
              }
            ],
            "monitoring": false,
            "network_interface": [],
            "outpost_arn": "",
            "password_data": "",
            "placement_group": "",
            "placement_partition_number": 0,
            "primary_network_interface_id": "eni-08066e10ae3e25a80",
            "private_dns": "ip-172-31-51-252.ec2.internal",
            "private_dns_name_options": [
              {
                "enable_resource_name_dns_a_record": false,
                "enable_resource_name_dns_aaaa_record": false,
                "hostname_type": "ip-name"
              }
            ],
            "private_ip": "172.31.51.252",
            "public_dns": "ec2-100-25-133-54.compute-1.amazonaws.com",
            "public_ip": "100.25.133.54",
            "root_block_device": [
              {
                "delete_on_termination": true,
                "device_name": "/dev/xvda",
                "encrypted": false,
                "iops": 3000,
                "kms_key_id": "",
                "tags": {},
                "tags_all": {
                  "managed-by": "Terraform134",
                  "owner": "Vitor"
                },
                "throughput": 125,
                "volume_id": "vol-03b1151dc634ed3f2",
                "volume_size": 8,
                "volume_type": "gp3"
              }
            ],
            "secondary_private_ips": [],
            "security_groups": [
              "Sec-Linux-Debian-Docker"
            ],
            "source_dest_check": true,
            "spot_instance_request_id": "",
            "subnet_id": "subnet-051ac5a74cbb996fe",
            "tags": {
              "Name": "Debian-Docker"
            },
            "tags_all": {
              "Name": "Debian-Docker",
              "managed-by": "Terraform134",
              "owner": "Vitor"
            },
            "tenancy": "default",
            "timeouts": null,
            "user_data": "cac6dbb9a9f17cf7158c5e5743bd787c34eabacc",
            "user_data_base64": null,
            "user_data_replace_on_change": false,
            "volume_tags": null,
            "vpc_security_group_ids": [
              "sg-033b46250addf0673"
            ]
          },
          "sensitive_attributes": [],
          "private": "eyJlMmJmYjczMC1lY2FhLTExZTYtOGY4OC0zNDM2M2JjN2M0YzAiOnsiY3JlYXRlIjo2MDAwMDAwMDAwMDAsImRlbGV0ZSI6MTIwMDAwMDAwMDAwMCwicmVhZCI6OTAwMDAwMDAwMDAwLCJ1cGRhdGUiOjYwMDAwMDAwMDAwMH0sInNjaGVtYV92ZXJzaW9uIjoiMSJ9",
          "dependencies": [
            "aws_security_group.Sec-Linux-Debian-Docker",
            "data.template_file.user_data_ec2"
          ]
        }
      ]
    },
    {
      "mode": "managed",
      "type": "aws_security_group",
      "name": "Sec-Linux-Debian-Docker",
      "provider": "provider[\"registry.terraform.io/hashicorp/aws\"]",
      "instances": [
        {
          "schema_version": 1,
          "attributes": {
            "arn": "arn:aws:ec2:us-east-1:928701300422:security-group/sg-033b46250addf0673",
            "description": "Liberar entrada SSH, HTTP e PING",
            "egress": [
              {
                "cidr_blocks": [
                  "0.0.0.0/0"
                ],
                "description": "",
                "from_port": 0,
                "ipv6_cidr_blocks": [],
                "prefix_list_ids": [],
                "protocol": "-1",
                "security_groups": [],
                "self": false,
                "to_port": 0
              }
            ],
            "id": "sg-033b46250addf0673",
            "ingress": [
              {
                "cidr_blocks": [
                  "0.0.0.0/0"
                ],
                "description": "",
                "from_port": -1,
                "ipv6_cidr_blocks": [],
                "prefix_list_ids": [],
                "protocol": "icmp",
                "security_groups": [],
                "self": false,
                "to_port": -1
              },
              {
                "cidr_blocks": [
                  "0.0.0.0/0"
                ],
                "description": "",
                "from_port": 22,
                "ipv6_cidr_blocks": [],
                "prefix_list_ids": [],
                "protocol": "tcp",
                "security_groups": [],
                "self": false,
                "to_port": 22
              },
              {
                "cidr_blocks": [
                  "0.0.0.0/0"
                ],
                "description": "",
                "from_port": 80,
                "ipv6_cidr_blocks": [],
                "prefix_list_ids": [],
                "protocol": "tcp",
                "security_groups": [],
                "self": false,
                "to_port": 80
              }
            ],
            "name": "Sec-Linux-Debian-Docker",
            "name_prefix": "",
            "owner_id": "928701300422",
            "revoke_rules_on_delete": false,
            "tags": null,
            "tags_all": {
              "managed-by": "Terraform134",
              "owner": "Vitor"
            },
            "timeouts": null,
            "vpc_id": "vpc-0ac0bedd318449b22"
          },
          "sensitive_attributes": [],
          "private": "eyJlMmJmYjczMC1lY2FhLTExZTYtOGY4OC0zNDM2M2JjN2M0YzAiOnsiY3JlYXRlIjo2MDAwMDAwMDAwMDAsImRlbGV0ZSI6OTAwMDAwMDAwMDAwfSwic2NoZW1hX3ZlcnNpb24iOiIxIn0="
        }
      ]
    }
  ],
  "check_results": null
}
