{
  "version": 4,
  "terraform_version": "1.7.5",
  "serial": 3,
  "lineage": "93e57c93-bbc7-415f-e05b-49f376756dba",
  "outputs": {
    "instance_public_ip_ec2": {
      "value": "54.160.67.102",
      "type": "string"
    }
  },
  "resources": [
    {
      "mode": "data",
      "type": "template_file",
      "name": "user_data_ec2",
      "provider": "provider[\"registry.terraform.io/hashicorp/template\"]",
      "instances": [
        {
          "schema_version": 0,
          "attributes": {
            "filename": null,
            "id": "c8f397c740afa746fb4c0db9edcc4c765dac7a8e5c977482ed09a4dec77b7e8e",
            "rendered": "#!/bin/bash\r\n# Atualizar o sistema Debian\r\nsudo su -\r\napt update -y\r\n\r\n# Instalar Apache2\r\napt install apache2 -y\r\n\r\n# Instalar o Git\r\napt install git -y\r\n\r\n#Remover diretório padrão do apache\r\nrm /var/www/html/index.html\r\n\r\n# Clonar o repositório do GitHub para /var/www/html\r\ngit clone https://github.com/FofuxoSibov/sitebike.git /var/www/html/\r\n\r\n# Iniciar Apache2\r\nsystemctl enable apache2\r\nsystemctl start apache2\r\n\r\n# Ajustar permissões\r\nsudo chown -R www-data:www-data /var/www/html/\r\nsudo chmod -R 755 /var/www/html/",
            "template": "#!/bin/bash\r\n# Atualizar o sistema Debian\r\nsudo su -\r\napt update -y\r\n\r\n# Instalar Apache2\r\napt install apache2 -y\r\n\r\n# Instalar o Git\r\napt install git -y\r\n\r\n#Remover diretório padrão do apache\r\nrm /var/www/html/index.html\r\n\r\n# Clonar o repositório do GitHub para /var/www/html\r\ngit clone https://github.com/FofuxoSibov/sitebike.git /var/www/html/\r\n\r\n# Iniciar Apache2\r\nsystemctl enable apache2\r\nsystemctl start apache2\r\n\r\n# Ajustar permissões\r\nsudo chown -R www-data:www-data /var/www/html/\r\nsudo chmod -R 755 /var/www/html/",
            "vars": null
          },
          "sensitive_attributes": []
        }
      ]
    },
    {
      "mode": "managed",
      "type": "aws_instance",
      "name": "Debian",
      "provider": "provider[\"registry.terraform.io/hashicorp/aws\"]",
      "instances": [
        {
          "schema_version": 1,
          "attributes": {
            "ami": "ami-058bd2d568351da34",
            "arn": "arn:aws:ec2:us-east-1:928701300422:instance/i-08799635fb548014e",
            "associate_public_ip_address": true,
            "availability_zone": "us-east-1e",
            "capacity_reservation_specification": [
              {
                "capacity_reservation_preference": "open",
                "capacity_reservation_target": []
              }
            ],
            "cpu_core_count": 1,
            "cpu_options": [
              {
                "amd_sev_snp": "",
                "core_count": 1,
                "threads_per_core": 1
              }
            ],
            "cpu_threads_per_core": 1,
            "credit_specification": [
              {
                "cpu_credits": "standard"
              }
            ],
            "disable_api_stop": false,
            "disable_api_termination": false,
            "ebs_block_device": [],
            "ebs_optimized": false,
            "enclave_options": [
              {
                "enabled": false
              }
            ],
            "ephemeral_block_device": [],
            "get_password_data": false,
            "hibernation": false,
            "host_id": "",
            "host_resource_group_arn": null,
            "iam_instance_profile": "",
            "id": "i-08799635fb548014e",
            "instance_initiated_shutdown_behavior": "stop",
            "instance_lifecycle": "",
            "instance_market_options": [],
            "instance_state": "running",
            "instance_type": "t2.micro",
            "ipv6_address_count": 0,
            "ipv6_addresses": [],
            "key_name": "TerraKeyVitor",
            "launch_template": [],
            "maintenance_options": [
              {
                "auto_recovery": "default"
              }
            ],
            "metadata_options": [
              {
                "http_endpoint": "enabled",
                "http_protocol_ipv6": "disabled",
                "http_put_response_hop_limit": 1,
                "http_tokens": "optional",
                "instance_metadata_tags": "disabled"
              }
            ],
            "monitoring": false,
            "network_interface": [],
            "outpost_arn": "",
            "password_data": "",
            "placement_group": "",
            "placement_partition_number": 0,
            "primary_network_interface_id": "eni-0fa84ecfbc4a3f74d",
            "private_dns": "ip-172-31-57-237.ec2.internal",
            "private_dns_name_options": [
              {
                "enable_resource_name_dns_a_record": false,
                "enable_resource_name_dns_aaaa_record": false,
                "hostname_type": "ip-name"
              }
            ],
            "private_ip": "172.31.57.237",
            "public_dns": "ec2-54-160-67-102.compute-1.amazonaws.com",
            "public_ip": "54.160.67.102",
            "root_block_device": [
              {
                "delete_on_termination": true,
                "device_name": "/dev/xvda",
                "encrypted": false,
                "iops": 3000,
                "kms_key_id": "",
                "tags": {},
                "tags_all": {
                  "managed-by": "Terraform134",
                  "owner": "Vitor"
                },
                "throughput": 125,
                "volume_id": "vol-01b21da8126e04a50",
                "volume_size": 8,
                "volume_type": "gp3"
              }
            ],
            "secondary_private_ips": [],
            "security_groups": [
              "Sec-Linux-Debian"
            ],
            "source_dest_check": true,
            "spot_instance_request_id": "",
            "subnet_id": "subnet-051ac5a74cbb996fe",
            "tags": {
              "Name": "Debian"
            },
            "tags_all": {
              "Name": "Debian",
              "managed-by": "Terraform134",
              "owner": "Vitor"
            },
            "tenancy": "default",
            "timeouts": null,
            "user_data": "a49935ee2cbbf983572e84dbfaf914b0070ab5d8",
            "user_data_base64": null,
            "user_data_replace_on_change": false,
            "volume_tags": null,
            "vpc_security_group_ids": [
              "sg-0cbb5a2f2e8b26956"
            ]
          },
          "sensitive_attributes": [],
          "private": "eyJlMmJmYjczMC1lY2FhLTExZTYtOGY4OC0zNDM2M2JjN2M0YzAiOnsiY3JlYXRlIjo2MDAwMDAwMDAwMDAsImRlbGV0ZSI6MTIwMDAwMDAwMDAwMCwicmVhZCI6OTAwMDAwMDAwMDAwLCJ1cGRhdGUiOjYwMDAwMDAwMDAwMH0sInNjaGVtYV92ZXJzaW9uIjoiMSJ9",
          "dependencies": [
            "aws_security_group.Sec-Linux-Debian",
            "data.template_file.user_data_ec2"
          ]
        }
      ]
    },
    {
      "mode": "managed",
      "type": "aws_security_group",
      "name": "Sec-Linux-Debian",
      "provider": "provider[\"registry.terraform.io/hashicorp/aws\"]",
      "instances": [
        {
          "schema_version": 1,
          "attributes": {
            "arn": "arn:aws:ec2:us-east-1:928701300422:security-group/sg-0cbb5a2f2e8b26956",
            "description": "Liberar entrada SSH, HTTP e PING",
            "egress": [
              {
                "cidr_blocks": [
                  "0.0.0.0/0"
                ],
                "description": "",
                "from_port": 0,
                "ipv6_cidr_blocks": [],
                "prefix_list_ids": [],
                "protocol": "-1",
                "security_groups": [],
                "self": false,
                "to_port": 0
              }
            ],
            "id": "sg-0cbb5a2f2e8b26956",
            "ingress": [
              {
                "cidr_blocks": [
                  "0.0.0.0/0"
                ],
                "description": "",
                "from_port": -1,
                "ipv6_cidr_blocks": [],
                "prefix_list_ids": [],
                "protocol": "icmp",
                "security_groups": [],
                "self": false,
                "to_port": -1
              },
              {
                "cidr_blocks": [
                  "0.0.0.0/0"
                ],
                "description": "",
                "from_port": 22,
                "ipv6_cidr_blocks": [],
                "prefix_list_ids": [],
                "protocol": "tcp",
                "security_groups": [],
                "self": false,
                "to_port": 22
              },
              {
                "cidr_blocks": [
                  "0.0.0.0/0"
                ],
                "description": "",
                "from_port": 80,
                "ipv6_cidr_blocks": [],
                "prefix_list_ids": [],
                "protocol": "tcp",
                "security_groups": [],
                "self": false,
                "to_port": 80
              }
            ],
            "name": "Sec-Linux-Debian",
            "name_prefix": "",
            "owner_id": "928701300422",
            "revoke_rules_on_delete": false,
            "tags": null,
            "tags_all": {
              "managed-by": "Terraform134",
              "owner": "Vitor"
            },
            "timeouts": null,
            "vpc_id": "vpc-0ac0bedd318449b22"
          },
          "sensitive_attributes": [],
          "private": "eyJlMmJmYjczMC1lY2FhLTExZTYtOGY4OC0zNDM2M2JjN2M0YzAiOnsiY3JlYXRlIjo2MDAwMDAwMDAwMDAsImRlbGV0ZSI6OTAwMDAwMDAwMDAwfSwic2NoZW1hX3ZlcnNpb24iOiIxIn0="
        }
      ]
    }
  ],
  "check_results": null
}
